
Microsoft Visual Studio Solution File, Format Version 12.00
# Visual Studio Version 16
VisualStudioVersion = 16.0.30011.22
MinimumVisualStudioVersion = 10.0.40219.1
Project("{E24C65DC-7377-472B-9ABA-BC803B73C61A}") = "Katsiantonis_Ilias_Assignment_5", ".", "{E3D0DC8E-1796-4A4A-92A9-9AE27D535044}"
	ProjectSection(WebsiteProperties) = preProject
		TargetFrameworkMoniker = ".NETFramework,Version%3Dv4.0"
		Debug.AspNetCompiler.VirtualPath = "/localhost_52767"
		Debug.AspNetCompiler.PhysicalPath = "..\Katsiantonis_Ilias_Assignment_5\"
		Debug.AspNetCompiler.TargetPath = "PrecompiledWeb\localhost_52767\"
		Debug.AspNetCompiler.Updateable = "true"
		Debug.AspNetCompiler.ForceOverwrite = "true"
		Debug.AspNetCompiler.FixedNames = "false"
		Debug.AspNetCompiler.Debug = "True"
		Release.AspNetCompiler.VirtualPath = "/localhost_52767"
		Release.AspNetCompiler.PhysicalPath = "..\Katsiantonis_Ilias_Assignment_5\"
		Release.AspNetCompiler.TargetPath = "PrecompiledWeb\localhost_52767\"
		Release.AspNetCompiler.Updateable = "true"
		Release.AspNetCompiler.ForceOverwrite = "true"
		Release.AspNetCompiler.FixedNames = "false"
		Release.AspNetCompiler.Debug = "False"
		VWDPort = "52767"
		SlnRelativePath = "..\Katsiantonis_Ilias_Assignment_5\"
	EndProjectSection
EndProject
Global
	GlobalSection(SolutionConfigurationPlatforms) = preSolution
		Debug|Any CPU = Debug|Any CPU
	EndGlobalSection
	GlobalSection(ProjectConfigurationPlatforms) = postSolution
		{E3D0DC8E-1796-4A4A-92A9-9AE27D535044}.Debug|Any CPU.ActiveCfg = Debug|Any CPU
		{E3D0DC8E-1796-4A4A-92A9-9AE27D535044}.Debug|Any CPU.Build.0 = Debug|Any CPU
	EndGlobalSection
	GlobalSection(SolutionProperties) = preSolution
		HideSolutionNode = FALSE
	EndGlobalSection
	GlobalSection(ExtensibilityGlobals) = postSolution
		SolutionGuid = {587C6005-D63B-47D2-9193-37478C5DD0DB}
	EndGlobalSection
EndGlobal
